{
  "name": "calculator",
  "lockfileVersion": 3,
  "requires": true,
  "packages": {
    "": {
      "dependencies": {
        "@googlemaps/react-wrapper": "^1.2.0"
      }
    },
    "node_modules/@googlemaps/js-api-loader": {
      "version": "1.16.10",
      "resolved": "https://registry.npmjs.org/@googlemaps/js-api-loader/-/js-api-loader-1.16.10.tgz",
      "integrity": "sha512-c2erv2k7P2ilYzMmtYcMgAR21AULosQuUHJbStnrvRk2dG93k5cqptDrh9A8p+ZNlyhiqEOgHW7N9PAizdUM7Q==",
      "license": "Apache-2.0"
    },
    "node_modules/@googlemaps/react-wrapper": {
      "version": "1.2.0",
      "resolved": "https://registry.npmjs.org/@googlemaps/react-wrapper/-/react-wrapper-1.2.0.tgz",
      "integrity": "sha512-8gloOyRDKcjfuMW2VvsDQ3jSnIpa+e1IBJkQL75ORMSQ/TVj6lyGeMLwGE94pj/IlTpWp7yo0LyJuVqxaK7ByA==",
      "license": "Apache-2.0",
      "dependencies": {
        "@googlemaps/js-api-loader": "^1.16.6"
      },
      "peerDependencies": {
        "react": ">=16.8.0"
      }
    },
    "node_modules/react": {
      "version": "19.1.1",
      "resolved": "https://registry.npmjs.org/react/-/react-19.1.1.tgz",
      "integrity": "sha512-w8nqGImo45dmMIfljjMwOGtbmC/mk4CMYhWIicdSflH91J9TyCyczcPFXJzrZ/ZXcgGRFeP6BU0BEJTw6tZdfQ==",
      "license": "MIT",
      "peer": true,
      "engines": {
        "node": ">=0.10.0"
      }
    }
  }
}
